{
  "nodes": {
    "flake-parts": {
      "inputs": {
        "nixpkgs-lib": "nixpkgs-lib"
      },
      "locked": {
        "lastModified": 1778716662,
        "narHash": "sha256-m1Yf0wZ8j1OHjTc2UwHwyQRSnNeSgLJOd7q5Y45hzi4=",
        "owner": "hercules-ci",
        "repo": "flake-parts",
        "rev": "f7c1a2d347e4c52d5fb8d10cb4d94b5884e546fb",
        "type": "github"
      },
      "original": {
        "owner": "hercules-ci",
        "repo": "flake-parts",
        "type": "github"
      }
    },
    "flake-parts_2": {
      "inputs": {
        "nixpkgs-lib": "nixpkgs-lib_2"
      },
      "locked": {
        "lastModified": 1778716662,
        "narHash": "sha256-m1Yf0wZ8j1OHjTc2UwHwyQRSnNeSgLJOd7q5Y45hzi4=",
        "owner": "hercules-ci",
        "repo": "flake-parts",
        "rev": "f7c1a2d347e4c52d5fb8d10cb4d94b5884e546fb",
        "type": "github"
      },
      "original": {
        "owner": "hercules-ci",
        "repo": "flake-parts",
        "type": "github"
      }
    },
    "flake-parts_3": {
      "inputs": {
        "nixpkgs-lib": "nixpkgs-lib_3"
      },
      "locked": {
        "lastModified": 1778716662,
        "narHash": "sha256-m1Yf0wZ8j1OHjTc2UwHwyQRSnNeSgLJOd7q5Y45hzi4=",
        "owner": "hercules-ci",
        "repo": "flake-parts",
        "rev": "f7c1a2d347e4c52d5fb8d10cb4d94b5884e546fb",
        "type": "github"
      },
      "original": {
        "owner": "hercules-ci",
        "repo": "flake-parts",
        "type": "github"
      }
    },
    "flake-parts_4": {
      "inputs": {
        "nixpkgs-lib": "nixpkgs-lib_4"
      },
      "locked": {
        "lastModified": 1778716662,
        "narHash": "sha256-m1Yf0wZ8j1OHjTc2UwHwyQRSnNeSgLJOd7q5Y45hzi4=",
        "owner": "hercules-ci",
        "repo": "flake-parts",
        "rev": "f7c1a2d347e4c52d5fb8d10cb4d94b5884e546fb",
        "type": "github"
      },
      "original": {
        "owner": "hercules-ci",
        "repo": "flake-parts",
        "type": "github"
      }
    },
    "flake-parts_5": {
      "inputs": {
        "nixpkgs-lib": "nixpkgs-lib_5"
      },
      "locked": {
        "lastModified": 1778716662,
        "narHash": "sha256-m1Yf0wZ8j1OHjTc2UwHwyQRSnNeSgLJOd7q5Y45hzi4=",
        "owner": "hercules-ci",
        "repo": "flake-parts",
        "rev": "f7c1a2d347e4c52d5fb8d10cb4d94b5884e546fb",
        "type": "github"
      },
      "original": {
        "owner": "hercules-ci",
        "repo": "flake-parts",
        "type": "github"
      }
    },
    "flake-parts_6": {
      "inputs": {
        "nixpkgs-lib": "nixpkgs-lib_6"
      },
      "locked": {
        "lastModified": 1778716662,
        "narHash": "sha256-m1Yf0wZ8j1OHjTc2UwHwyQRSnNeSgLJOd7q5Y45hzi4=",
        "owner": "hercules-ci",
        "repo": "flake-parts",
        "rev": "f7c1a2d347e4c52d5fb8d10cb4d94b5884e546fb",
        "type": "github"
      },
      "original": {
        "owner": "hercules-ci",
        "repo": "flake-parts",
        "type": "github"
      }
    },
    "flake-parts_7": {
      "inputs": {
        "nixpkgs-lib": "nixpkgs-lib_7"
      },
      "locked": {
        "lastModified": 1778716662,
        "narHash": "sha256-m1Yf0wZ8j1OHjTc2UwHwyQRSnNeSgLJOd7q5Y45hzi4=",
        "owner": "hercules-ci",
        "repo": "flake-parts",
        "rev": "f7c1a2d347e4c52d5fb8d10cb4d94b5884e546fb",
        "type": "github"
      },
      "original": {
        "owner": "hercules-ci",
        "repo": "flake-parts",
        "type": "github"
      }
    },
    "nixpkgs": {
      "locked": {
        "lastModified": 1781577229,
        "narHash": "sha256-lrp67w8AulE9Ks53n27I45ADSzbOCn4H+CNW1Ck8B+8=",
        "owner": "NixOS",
        "repo": "nixpkgs",
        "rev": "567a49d1913ce81ac6e9582e3553dd90a955875f",
        "type": "github"
      },
      "original": {
        "owner": "NixOS",
        "ref": "nixos-unstable",
        "repo": "nixpkgs",
        "type": "github"
      }
    },
    "nixpkgs-lib": {
      "locked": {
        "lastModified": 1777168982,
        "narHash": "sha256-GOkGPcboWE9BmGCRMLX3worL4EMnsnG8MyKmXNeYuhQ=",
        "owner": "nix-community",
        "repo": "nixpkgs.lib",
        "rev": "f5901329dade4a6ea039af1433fb087bd9c1fe14",
        "type": "github"
      },
      "original": {
        "owner": "nix-community",
        "repo": "nixpkgs.lib",
        "type": "github"
      }
    },
    "nixpkgs-lib_2": {
      "locked": {
        "lastModified": 1777168982,
        "narHash": "sha256-GOkGPcboWE9BmGCRMLX3worL4EMnsnG8MyKmXNeYuhQ=",
        "owner": "nix-community",
        "repo": "nixpkgs.lib",
        "rev": "f5901329dade4a6ea039af1433fb087bd9c1fe14",
        "type": "github"
      },
      "original": {
        "owner": "nix-community",
        "repo": "nixpkgs.lib",
        "type": "github"
      }
    },
    "nixpkgs-lib_3": {
      "locked": {
        "lastModified": 1777168982,
        "narHash": "sha256-GOkGPcboWE9BmGCRMLX3worL4EMnsnG8MyKmXNeYuhQ=",
        "owner": "nix-community",
        "repo": "nixpkgs.lib",
        "rev": "f5901329dade4a6ea039af1433fb087bd9c1fe14",
        "type": "github"
      },
      "original": {
        "owner": "nix-community",
        "repo": "nixpkgs.lib",
        "type": "github"
      }
    },
    "nixpkgs-lib_4": {
      "locked": {
        "lastModified": 1777168982,
        "narHash": "sha256-GOkGPcboWE9BmGCRMLX3worL4EMnsnG8MyKmXNeYuhQ=",
        "owner": "nix-community",
        "repo": "nixpkgs.lib",
        "rev": "f5901329dade4a6ea039af1433fb087bd9c1fe14",
        "type": "github"
      },
      "original": {
        "owner": "nix-community",
        "repo": "nixpkgs.lib",
        "type": "github"
      }
    },
    "nixpkgs-lib_5": {
      "locked": {
        "lastModified": 1777168982,
        "narHash": "sha256-GOkGPcboWE9BmGCRMLX3worL4EMnsnG8MyKmXNeYuhQ=",
        "owner": "nix-community",
        "repo": "nixpkgs.lib",
        "rev": "f5901329dade4a6ea039af1433fb087bd9c1fe14",
        "type": "github"
      },
      "original": {
        "owner": "nix-community",
        "repo": "nixpkgs.lib",
        "type": "github"
      }
    },
    "nixpkgs-lib_6": {
      "locked": {
        "lastModified": 1777168982,
        "narHash": "sha256-GOkGPcboWE9BmGCRMLX3worL4EMnsnG8MyKmXNeYuhQ=",
        "owner": "nix-community",
        "repo": "nixpkgs.lib",
        "rev": "f5901329dade4a6ea039af1433fb087bd9c1fe14",
        "type": "github"
      },
      "original": {
        "owner": "nix-community",
        "repo": "nixpkgs.lib",
        "type": "github"
      }
    },
    "nixpkgs-lib_7": {
      "locked": {
        "lastModified": 1777168982,
        "narHash": "sha256-GOkGPcboWE9BmGCRMLX3worL4EMnsnG8MyKmXNeYuhQ=",
        "owner": "nix-community",
        "repo": "nixpkgs.lib",
        "rev": "f5901329dade4a6ea039af1433fb087bd9c1fe14",
        "type": "github"
      },
      "original": {
        "owner": "nix-community",
        "repo": "nixpkgs.lib",
        "type": "github"
      }
    },
    "nixpkgs-stable": {
      "locked": {
        "lastModified": 1751274312,
        "narHash": "sha256-/bVBlRpECLVzjV19t5KMdMFWSwKLtb5RyXdjz3LJT+g=",
        "owner": "NixOS",
        "repo": "nixpkgs",
        "rev": "50ab793786d9de88ee30ec4e4c24fb4236fc2674",
        "type": "github"
      },
      "original": {
        "owner": "NixOS",
        "ref": "nixos-24.11",
        "repo": "nixpkgs",
        "type": "github"
      }
    },
    "phenix-hosts": {
      "inputs": {
        "flake-parts": "flake-parts_2",
        "nixpkgs": [
          "phenix-hosts",
          "phenix-pins",
          "nixpkgs"
        ],
        "phenix-pins": [
          "phenix-pins"
        ]
      },
      "locked": {
        "lastModified": 1782391831,
        "narHash": "sha256-VylHtBz7DRLFysCKs812JZRnUmDA73yXufZMYAWwh7Y=",
        "owner": "matthis-k",
        "repo": "phenix-hosts",
        "rev": "08c665789c4453f75029f5a16fc664449cbd2c79",
        "type": "github"
      },
      "original": {
        "owner": "matthis-k",
        "repo": "phenix-hosts",
        "type": "github"
      }
    },
    "phenix-nvim": {
      "inputs": {
        "flake-parts": "flake-parts_3",
        "nixpkgs": [
          "phenix-nvim",
          "phenix-pins",
          "nixpkgs"
        ],
        "phenix-pins": [
          "phenix-pins"
        ]
      },
      "locked": {
        "lastModified": 1782391829,
        "narHash": "sha256-LW30Ag+Sj+K9iHFcM2pn8p/A7T4WmnNxSLxoxfW8Pck=",
        "owner": "matthis-k",
        "repo": "phenix-nvim",
        "rev": "b22d76636d79b42c91a824e99376a2cbabf7833e",
        "type": "github"
      },
      "original": {
        "owner": "matthis-k",
        "repo": "phenix-nvim",
        "type": "github"
      }
    },
    "phenix-packages": {
      "inputs": {
        "flake-parts": "flake-parts_4",
        "nixpkgs": [
          "phenix-packages",
          "phenix-pins",
          "nixpkgs"
        ],
        "phenix-pins": [
          "phenix-pins"
        ]
      },
      "locked": {
        "lastModified": 1782391825,
        "narHash": "sha256-mGHXnuWo0v+6dpXzUeniVLDZzfq4Oq+UiFk61IF8qdM=",
        "owner": "matthis-k",
        "repo": "phenix-packages",
        "rev": "5913d090eedc06233faab18192f7c5021ced5b2d",
        "type": "github"
      },
      "original": {
        "owner": "matthis-k",
        "repo": "phenix-packages",
        "type": "github"
      }
    },
    "phenix-pins": {
      "inputs": {
        "flake-parts": "flake-parts_5",
        "nixpkgs": "nixpkgs",
        "nixpkgs-stable": "nixpkgs-stable"
      },
      "locked": {
        "lastModified": 1782391822,
        "narHash": "sha256-bGaPUlijmrnhqtmCwqPYRziJRivbaPG4CQgMxq1QhjI=",
        "owner": "matthis-k",
        "repo": "phenix-pins",
        "rev": "25d8822cb047d0a047030c94896429b56de739d0",
        "type": "github"
      },
      "original": {
        "owner": "matthis-k",
        "repo": "phenix-pins",
        "type": "github"
      }
    },
    "phenix-shell": {
      "inputs": {
        "flake-parts": "flake-parts_6",
        "nixpkgs": [
          "phenix-shell",
          "phenix-pins",
          "nixpkgs"
        ],
        "phenix-pins": [
          "phenix-pins"
        ]
      },
      "locked": {
        "lastModified": 1782391827,
        "narHash": "sha256-HAATbhjX42kt3vjztEhYtYwLiRA5TITShyKnD62HvAY=",
        "owner": "matthis-k",
        "repo": "phenix-shell",
        "rev": "b1ba8834c5f57e03e0dc263a67df2539ac55ab87",
        "type": "github"
      },
      "original": {
        "owner": "matthis-k",
        "repo": "phenix-shell",
        "type": "github"
      }
    },
    "phenix-tools": {
      "inputs": {
        "flake-parts": "flake-parts_7",
        "nixpkgs": [
          "phenix-tools",
          "phenix-pins",
          "nixpkgs"
        ],
        "phenix-pins": [
          "phenix-pins"
        ]
      },
      "locked": {
        "lastModified": 1782391954,
        "narHash": "sha256-AT+oJ2NIGZXcVhrxGKVhohkr/13Wnh4LQ1b2rje1bVg=",
        "owner": "matthis-k",
        "repo": "phenix-tools",
        "rev": "4e4ee0dc17ffa29d64518d09a9d59e16ad0d2e67",
        "type": "github"
      },
      "original": {
        "owner": "matthis-k",
        "repo": "phenix-tools",
        "type": "github"
      }
    },
    "root": {
      "inputs": {
        "flake-parts": "flake-parts",
        "nixpkgs": [
          "phenix-pins",
          "nixpkgs"
        ],
        "phenix-hosts": "phenix-hosts",
        "phenix-nvim": "phenix-nvim",
        "phenix-packages": "phenix-packages",
        "phenix-pins": "phenix-pins",
        "phenix-shell": "phenix-shell",
        "phenix-tools": "phenix-tools"
      }
    }
  },
  "root": "root",
  "version": 7
}
